
Microsoft Visual Studio Solution File, Format Version 12.00
# Visual Studio 2017
Project("{FAE04EC0-301F-11D3-BF4B-00C04F79EFBC}") = "GOD", "GOD.csproj", "{A1224837-BDA8-68AB-95DB-D4CFB27F3481}"
EndProject
Global
	GlobalSection(SolutionConfigurationPlatforms) = preSolution
		Debug|Any CPU = Debug|Any CPU
		Release|Any CPU = Release|Any CPU
	EndGlobalSection
	GlobalSection(ProjectConfigurationPlatforms) = postSolution
		{A1224837-BDA8-68AB-95DB-D4CFB27F3481}.Debug|Any CPU.ActiveCfg = Debug|Any CPU
		{A1224837-BDA8-68AB-95DB-D4CFB27F3481}.Debug|Any CPU.Build.0 = Debug|Any CPU
		{A1224837-BDA8-68AB-95DB-D4CFB27F3481}.Release|Any CPU.ActiveCfg = Release|Any CPU
		{A1224837-BDA8-68AB-95DB-D4CFB27F3481}.Release|Any CPU.Build.0 = Release|Any CPU
	EndGlobalSection
	GlobalSection(SolutionProperties) = preSolution
		HideSolutionNode = FALSE
	EndGlobalSection
EndGlobal
